// !$*UTF8*$!
{
	archiveVersion = 1;
	classes = {
	};
	objectVersion = 48;
	objects = {

/* Begin PBXBuildFile section */
		9B6E80DD2012041200EF7B97 /* AppDelegate.swift in Sources */ = {isa = PBXBuildFile; fileRef = 9B6E80DC2012041200EF7B97 /* AppDelegate.swift */; };
		9B6E80DF2012041200EF7B97 /* ViewController.swift in Sources */ = {isa = PBXBuildFile; fileRef = 9B6E80DE2012041200EF7B97 /* ViewController.swift */; };
		9B6E80E22012041200EF7B97 /* Main.storyboard in Resources */ = {isa = PBXBuildFile; fileRef = 9B6E80E02012041200EF7B97 /* Main.storyboard */; };
		9B6E80E42012041200EF7B97 /* Assets.xcassets in Resources */ = {isa = PBXBuildFile; fileRef = 9B6E80E32012041200EF7B97 /* Assets.xcassets */; };
		9B6E80E72012041200EF7B97 /* LaunchScreen.storyboard in Resources */ = {isa = PBXBuildFile; fileRef = 9B6E80E52012041200EF7B97 /* LaunchScreen.storyboard */; };
		9B8346BB2023CEC500D64273 /* coinflip.wav in Resources */ = {isa = PBXBuildFile; fileRef = 9B8346BA2023CEC500D64273 /* coinflip.wav */; };
/* End PBXBuildFile section */

/* Begin PBXFileReference section */
		9B6E80D92012041200EF7B97 /* flipACoin.app */ = {isa = PBXFileReference; explicitFileType = wrapper.application; includeInIndex = 0; path = flipACoin.app; sourceTree = BUILT_PRODUCTS_DIR; };
		9B6E80DC2012041200EF7B97 /* AppDelegate.swift */ = {isa = PBXFileReference; lastKnownFileType = sourcecode.swift; path = AppDelegate.swift; sourceTree = "<group>"; };
		9B6E80DE2012041200EF7B97 /* ViewController.swift */ = {isa = PBXFileReference; lastKnownFileType = sourcecode.swift; path = ViewController.swift; sourceTree = "<group>"; };
		9B6E80E12012041200EF7B97 /* Base */ = {isa = PBXFileReference; lastKnownFileType = file.storyboard; name = Base; path = Base.lproj/Main.storyboard; sourceTree = "<group>"; };
		9B6E80E32012041200EF7B97 /* Assets.xcassets */ = {isa = PBXFileReference; lastKnownFileType = folder.assetcatalog; path = Assets.xcassets; sourceTree = "<group>"; };
		9B6E80E62012041200EF7B97 /* Base */ = {isa = PBXFileReference; lastKnownFileType = file.storyboard; name = Base; path = Base.lproj/LaunchScreen.storyboard; sourceTree = "<group>"; };
		9B6E80E82012041200EF7B97 /* Info.plist */ = {isa = PBXFileReference; lastKnownFileType = text.plist.xml; path = Info.plist; sourceTree = "<group>"; };
		9B8346BA2023CEC500D64273 /* coinflip.wav */ = {isa = PBXFileReference; lastKnownFileType = audio.wav; path = coinflip.wav; sourceTree = "<group>"; };
/* End PBXFileReference section */

/* Begin PBXFrameworksBuildPhase section */
		9B6E80D62012041200EF7B97 /* Frameworks */ = {
			isa = PBXFrameworksBuildPhase;
			buildActionMask = 2147483647;
			files = (
			);
			runOnlyForDeploymentPostprocessing = 0;
		};
/* End PBXFrameworksBuildPhase section */

/* Begin PBXGroup section */
		9B6E80D02012041200EF7B97 = {
			isa = PBXGroup;
			children = (
				9B6E80DB2012041200EF7B97 /* flipACoin */,
				9B6E80DA2012041200EF7B97 /* Products */,
			);
			sourceTree = "<group>";
		};
		9B6E80DA2012041200EF7B97 /* Products */ = {
			isa = PBXGroup;
			children = (
				9B6E80D92012041200EF7B97 /* flipACoin.app */,
			);
			name = Products;
			sourceTree = "<group>";
		};
		9B6E80DB2012041200EF7B97 /* flipACoin */ = {
			isa = PBXGroup;
			children = (
				9BF5CC5E202B018400A375E9 /* model */,
				9B8346BA2023CEC500D64273 /* coinflip.wav */,
				9B6E80DC2012041200EF7B97 /* AppDelegate.swift */,
				9B6E80DE2012041200EF7B97 /* ViewController.swift */,
				9B6E80E02012041200EF7B97 /* Main.storyboard */,
				9B6E80E32012041200EF7B97 /* Assets.xcassets */,
				9B6E80E52012041200EF7B97 /* LaunchScreen.storyboard */,
				9B6E80E82012041200EF7B97 /* Info.plist */,
			);
			path = flipACoin;
			sourceTree = "<group>";
		};
		9BF5CC5E202B018400A375E9 /* model */ = {
			isa = PBXGroup;
			children = (
			);
			path = model;
			sourceTree = "<group>";
		};
/* End PBXGroup section */

/* Begin PBXNativeTarget section */
		9B6E80D82012041200EF7B97 /* flipACoin */ = {
			isa = PBXNativeTarget;
			buildConfigurationList = 9B6E80EB2012041200EF7B97 /* Build configuration list for PBXNativeTarget "flipACoin" */;
			buildPhases = (
				9B6E80D52012041200EF7B97 /* Sources */,
				9B6E80D62012041200EF7B97 /* Frameworks */,
				9B6E80D72012041200EF7B97 /* Resources */,
			);
			buildRules = (
			);
			dependencies = (
			);
			name = flipACoin;
			productName = flipACoin;
			productReference = 9B6E80D92012041200EF7B97 /* flipACoin.app */;
			productType = "com.apple.product-type.application";
		};
/* End PBXNativeTarget section */

/* Begin PBXProject section */
		9B6E80D12012041200EF7B97 /* Project object */ = {
			isa = PBXProject;
			attributes = {
				LastSwiftUpdateCheck = 0910;
				LastUpgradeCheck = 0910;
				ORGANIZATIONNAME = "Erik Hede";
				TargetAttributes = {
					9B6E80D82012041200EF7B97 = {
						CreatedOnToolsVersion = 9.1;
						ProvisioningStyle = Automatic;
					};
				};
			};
			buildConfigurationList = 9B6E80D42012041200EF7B97 /* Build configuration list for PBXProject "flipACoin" */;
			compatibilityVersion = "Xcode 8.0";
			developmentRegion = en;
			hasScannedForEncodings = 0;
			knownRegions = (
				en,
				Base,
			);
			mainGroup = 9B6E80D02012041200EF7B97;
			productRefGroup = 9B6E80DA2012041200EF7B97 /* Products */;
			projectDirPath = "";
			projectRoot = "";
			targets = (
				9B6E80D82012041200EF7B97 /* flipACoin */,
			);
		};
/* End PBXProject section */

/* Begin PBXResourcesBuildPhase section */
		9B6E80D72012041200EF7B97 /* Resources */ = {
			isa = PBXResourcesBuildPhase;
			buildActionMask = 2147483647;
			files = (
				9B8346BB2023CEC500D64273 /* coinflip.wav in Resources */,
				9B6E80E72012041200EF7B97 /* LaunchScreen.storyboard in Resources */,
				9B6E80E42012041200EF7B97 /* Assets.xcassets in Resources */,
				9B6E80E22012041200EF7B97 /* Main.storyboard in Resources */,
			);
			runOnlyForDeploymentPostprocessing = 0;
		};
/* End PBXResourcesBuildPhase section */

/* Begin PBXSourcesBuildPhase section */
		9B6E80D52012041200EF7B97 /* Sources */ = {
			isa = PBXSourcesBuildPhase;
			buildActionMask = 2147483647;
			files = (
				9B6E80DF2012041200EF7B97 /* ViewController.swift in Sources */,
				9B6E80DD2012041200EF7B97 /* AppDelegate.swift in Sources */,
			);
			runOnlyForDeploymentPostprocessing = 0;
		};
/* End PBXSourcesBuildPhase section */

/* Begin PBXVariantGroup section */
		9B6E80E02012041200EF7B97 /* Main.storyboard */ = {
			isa = PBXVariantGroup;
			children = (
				9B6E80E12012041200EF7B97 /* Base */,
			);
			name = Main.storyboard;
			sourceTree = "<group>";
		};
		9B6E80E52012041200EF7B97 /* LaunchScreen.storyboard */ = {
			isa = PBXVariantGroup;
			children = (
				9B6E80E62012041200EF7B97 /* Base */,
			);
			name = LaunchScreen.storyboard;
			sourceTree = "<group>";
		};
/* End PBXVariantGroup section */

/* Begin XCBuildConfiguration section */
		9B6E80E92012041200EF7B97 /* Debug */ = {
			isa = XCBuildConfiguration;
			buildSettings = {
				ALWAYS_SEARCH_USER_PATHS = NO;
				CLANG_ANALYZER_NONNULL = YES;
				CLANG_ANALYZER_NUMBER_OBJECT_CONVERSION = YES_AGGRESSIVE;
				CLANG_CXX_LANGUAGE_STANDARD = "gnu++14";
				CLANG_CXX_LIBRARY = "libc++";
				CLANG_ENABLE_MODULES = YES;
				CLANG_ENABLE_OBJC_ARC = YES;
				CLANG_WARN_BLOCK_CAPTURE_AUTORELEASING = YES;
				CLANG_WARN_BOOL_CONVERSION = YES;
				CLANG_WARN_COMMA = YES;
				CLANG_WARN_CONSTANT_CONVERSION = YES;
				CLANG_WARN_DIRECT_OBJC_ISA_USAGE = YES_ERROR;
				CLANG_WARN_DOCUMENTATION_COMMENTS = YES;
				CLANG_WARN_EMPTY_BODY = YES;
				CLANG_WARN_ENUM_CONVERSION = YES;
				CLANG_WARN_INFINITE_RECURSION = YES;
				CLANG_WARN_INT_CONVERSION = YES;
				CLANG_WARN_NON_LITERAL_NULL_CONVERSION = YES;
				CLANG_WARN_OBJC_LITERAL_CONVERSION = YES;
				CLANG_WARN_OBJC_ROOT_CLASS = YES_ERROR;
				CLANG_WARN_RANGE_LOOP_ANALYSIS = YES;
				CLANG_WARN_STRICT_PROTOTYPES = YES;
				CLANG_WARN_SUSPICIOUS_MOVE = YES;
				CLANG_WARN_UNGUARDED_AVAILABILITY = YES_AGGRESSIVE;
				CLANG_WARN_UNREACHABLE_CODE = YES;
				CLANG_WARN__DUPLICATE_METHOD_MATCH = YES;
				CODE_SIGN_IDENTITY = "iPhone Developer";
				COPY_PHASE_STRIP = NO;
				DEBUG_INFORMATION_FORMAT = dwarf;
				ENABLE_STRICT_OBJC_MSGSEND = YES;
				ENABLE_TESTABILITY = YES;
				GCC_C_LANGUAGE_STANDARD = gnu11;
				GCC_DYNAMIC_NO_PIC = NO;
				GCC_NO_COMMON_BLOCKS = YES;
				GCC_OPTIMIZATION_LEVEL = 0;
				GCC_PREPROCESSOR_DEFINITIONS = (
					"DEBUG=1",
					"$(inherited)",
				);
				GCC_WARN_64_TO_32_BIT_CONVERSION = YES;
				GCC_WARN_ABOUT_RETURN_TYPE = YES_ERROR;
				GCC_WARN_UNDECLARED_SELECTOR = YES;
				GCC_WARN_UNINITIALIZED_AUTOS = YES_AGGRESSIVE;
				GCC_WARN_UNUSED_FUNCTION = YES;
				GCC_WARN_UNUSED_VARIABLE = YES;
				IPHONEOS_DEPLOYMENT_TARGET = 11.1;
				MTL_ENABLE_DEBUG_INFO = YES;
				ONLY_ACTIVE_ARCH = YES;
				SDKROOT = iphoneos;
				SWIFT_ACTIVE_COMPILATION_CONDITIONS = DEBUG;
				SWIFT_OPTIMIZATION_LEVEL = "-Onone";
			};
			name = Debug;
		};
		9B6E80EA2012041200EF7B97 /* Release */ = {
			isa = XCBuildConfiguration;
			buildSettings = {
				ALWAYS_SEARCH_USER_PATHS = NO;
				CLANG_ANALYZER_NONNULL = YES;
				CLANG_ANALYZER_NUMBER_OBJECT_CONVERSION = YES_AGGRESSIVE;
				CLANG_CXX_LANGUAGE_STANDARD = "gnu++14";
				CLANG_CXX_LIBRARY = "libc++";
				CLANG_ENABLE_MODULES = YES;
				CLANG_ENABLE_OBJC_ARC = YES;
				CLANG_WARN_BLOCK_CAPTURE_AUTORELEASING = YES;
				CLANG_WARN_BOOL_CONVERSION = YES;
				CLANG_WARN_COMMA = YES;
				CLANG_WARN_CONSTANT_CONVERSION = YES;
				CLANG_WARN_DIRECT_OBJC_ISA_USAGE = YES_ERROR;
				CLANG_WARN_DOCUMENTATION_COMMENTS = YES;
				CLANG_WARN_EMPTY_BODY = YES;
				CLANG_WARN_ENUM_CONVERSION = YES;
				CLANG_WARN_INFINITE_RECURSION = YES;
				CLANG_WARN_INT_CONVERSION = YES;
				CLANG_WARN_NON_LITERAL_NULL_CONVERSION = YES;
				CLANG_WARN_OBJC_LITERAL_CONVERSION = YES;
				CLANG_WARN_OBJC_ROOT_CLASS = YES_ERROR;
				CLANG_WARN_RANGE_LOOP_ANALYSIS = YES;
				CLANG_WARN_STRICT_PROTOTYPES = YES;
				CLANG_WARN_SUSPICIOUS_MOVE = YES;
				CLANG_WARN_UNGUARDED_AVAILABILITY = YES_AGGRESSIVE;
				CLANG_WARN_UNREACHABLE_CODE = YES;
				CLANG_WARN__DUPLICATE_METHOD_MATCH = YES;
				CODE_SIGN_IDENTITY = "iPhone Developer";
				COPY_PHASE_STRIP = NO;
				DEBUG_INFORMATION_FORMAT = "dwarf-with-dsym";
				ENABLE_NS_ASSERTIONS = NO;
				ENABLE_STRICT_OBJC_MSGSEND = YES;
				GCC_C_LANGUAGE_STANDARD = gnu11;
				GCC_NO_COMMON_BLOCKS = YES;
				GCC_WARN_64_TO_32_BIT_CONVERSION = YES;
				GCC_WARN_ABOUT_RETURN_TYPE = YES_ERROR;
				GCC_WARN_UNDECLARED_SELECTOR = YES;
				GCC_WARN_UNINITIALIZED_AUTOS = YES_AGGRESSIVE;
				GCC_WARN_UNUSED_FUNCTION = YES;
				GCC_WARN_UNUSED_VARIABLE = YES;
				IPHONEOS_DEPLOYMENT_TARGET = 11.1;
				MTL_ENABLE_DEBUG_INFO = NO;
				SDKROOT = iphoneos;
				SWIFT_OPTIMIZATION_LEVEL = "-Owholemodule";
				VALIDATE_PRODUCT = YES;
			};
			name = Release;
		};
		9B6E80EC2012041200EF7B97 /* Debug */ = {
			isa = XCBuildConfiguration;
			buildSettings = {
				ASSETCATALOG_COMPILER_APPICON_NAME = AppIcon;
				CODE_SIGN_STYLE = Automatic;
				DEVELOPMENT_TEAM = XJTZD7F823;
				INFOPLIST_FILE = flipACoin/Info.plist;
				LD_RUNPATH_SEARCH_PATHS = "$(inherited) @executable_path/Frameworks";
				PRODUCT_BUNDLE_IDENTIFIER = se.erikhede.ma17.flipACoin;
				PRODUCT_NAME = "$(TARGET_NAME)";
				SWIFT_VERSION = 4.0;
				TARGETED_DEVICE_FAMILY = "1,2";
			};
			name = Debug;
		};
		9B6E80ED2012041200EF7B97 /* Release */ = {
			isa = XCBuildConfiguration;
			buildSettings = {
				ASSETCATALOG_COMPILER_APPICON_NAME = AppIcon;
				CODE_SIGN_STYLE = Automatic;
				DEVELOPMENT_TEAM = XJTZD7F823;
				INFOPLIST_FILE = flipACoin/Info.plist;
				LD_RUNPATH_SEARCH_PATHS = "$(inherited) @executable_path/Frameworks";
				PRODUCT_BUNDLE_IDENTIFIER = se.erikhede.ma17.flipACoin;
				PRODUCT_NAME = "$(TARGET_NAME)";
				SWIFT_VERSION = 4.0;
				TARGETED_DEVICE_FAMILY = "1,2";
			};
			name = Release;
		};
/* End XCBuildConfiguration section */

/* Begin XCConfigurationList section */
		9B6E80D42012041200EF7B97 /* Build configuration list for PBXProject "flipACoin" */ = {
			isa = XCConfigurationList;
			buildConfigurations = (
				9B6E80E92012041200EF7B97 /* Debug */,
				9B6E80EA2012041200EF7B97 /* Release */,
			);
			defaultConfigurationIsVisible = 0;
			defaultConfigurationName = Release;
		};
		9B6E80EB2012041200EF7B97 /* Build configuration list for PBXNativeTarget "flipACoin" */ = {
			isa = XCConfigurationList;
			buildConfigurations = (
				9B6E80EC2012041200EF7B97 /* Debug */,
				9B6E80ED2012041200EF7B97 /* Release */,
			);
			defaultConfigurationIsVisible = 0;
			defaultConfigurationName = Release;
		};
/* End XCConfigurationList section */
	};
	rootObject = 9B6E80D12012041200EF7B97 /* Project object */;
}
